<Solution>
  <Folder Name="/.context/">
    <File Path=".context/agent_boundaries.yaml" />
    <File Path=".context/data_schema.yaml" />
    <File Path=".context/DOS.md" />
    <File Path=".context/openapi.yaml" />
    <File Path=".context/Tasks.yaml" />
  </Folder>
  <Folder Name="/.context/Sessions/" />
  <Folder Name="/.github/" />
  <Folder Name="/.github/agents/">
    <File Path=".github/agents/AIModuleAgent.agent.md" />
    <File Path=".github/agents/BackendModuleAgent.agent.md" />
    <File Path=".github/agents/MobileFrontendAgent.agent.md" />
    <File Path=".github/agents/OrchestratorAgent.agent.md" />
    <File Path=".github/agents/StorageModuleAgent.agent.md" />
    <File Path=".github/agents/WebFrontendAgent.agent.md" />
  </Folder>
  <Folder Name="/.github/template/">
    <File Path=".github/template/template.md" />
  </Folder>
  <Folder Name="/.github/workflows/">
    <File Path=".github/workflows/build.yml" />
    <File Path=".github/workflows/ci.yml" />
  </Folder>
  <Folder Name="/.knowledge/" />
  <Folder Name="/.knowledge/agent00/">
    <File Path=".knowledge/agent00/KnowledgeBase_00.md" />
    <File Path=".knowledge/agent00/Log_00.md" />
    <File Path=".knowledge/agent00/Skill_00.md" />
  </Folder>
  <Folder Name="/.knowledge/agent01/">
    <File Path=".knowledge/agent01/KnowledgeBase_01.md" />
    <File Path=".knowledge/agent01/Log_01.md" />
    <File Path=".knowledge/agent01/Skill_01.md" />
  </Folder>
  <Folder Name="/.knowledge/agent02/">
    <File Path=".knowledge/agent02/KnowledgeBase_02.md" />
    <File Path=".knowledge/agent02/Log_02.md" />
    <File Path=".knowledge/agent02/Skill_02.md" />
  </Folder>
  <Folder Name="/.knowledge/agent03/">
    <File Path=".knowledge/agent03/KnowledgeBase_03.md" />
    <File Path=".knowledge/agent03/Log_03.md" />
    <File Path=".knowledge/agent03/Skill_03.md" />
  </Folder>
  <Folder Name="/.knowledge/agent04/">
    <File Path=".knowledge/agent04/KnowledgeBase_04.md" />
    <File Path=".knowledge/agent04/Log_04.md" />
    <File Path=".knowledge/agent04/Skill_04.md" />
  </Folder>
  <Folder Name="/.knowledge/agent05/">
    <File Path=".knowledge/agent05/KnowledgeBase_05.md" />
    <File Path=".knowledge/agent05/Log_05.md" />
    <File Path=".knowledge/agent05/Skill_05.md" />
  </Folder>
  <Folder Name="/.knowledge/shared/">
    <File Path=".knowledge/shared/Workflow_Centric_Architecture.md" />
  </Folder>
  <Folder Name="/.knowledge/shared/template/">
    <File Path=".knowledge/shared/template/KnowledgeBase_template.md" />
    <File Path=".knowledge/shared/template/Log_template.md" />
    <File Path=".knowledge/shared/template/Skill_template.md" />
  </Folder>
  <Folder Name="/modules/">
    <Project Path="modules/AIModule/AIModule.pyproj" Type="888888a0-9f3d-457c-b088-3a5042f75d52" Id="df3ad6ba-89c7-467b-84fc-50d576144dee">
      <Build Project="false" />
    </Project>
    <Project Path="modules/BackendModule/BackendModule.pyproj" Type="888888a0-9f3d-457c-b088-3a5042f75d52" Id="ff80f0c4-3dc3-48a7-a7bd-a571ef3f0ad3">
      <Build Project="false" />
    </Project>
    <Project Path="modules/FrontendWeb/frontendweb.esproj">
      <Build />
      <Deploy />
    </Project>
    <Project Path="modules/Orchestrator/Orchestrator.pyproj" Type="888888a0-9f3d-457c-b088-3a5042f75d52" Id="18cabc9c-1106-441f-b4f5-2c1db3bd7061">
      <Build Project="false" />
    </Project>
    <Project Path="modules/StorageModule/StorageModule.pyproj" Type="888888a0-9f3d-457c-b088-3a5042f75d52" Id="0b068797-cc8c-4b93-a088-db9a84e0ccfa">
      <Build Project="false" />
    </Project>
  </Folder>
</Solution>
