<Solution>
  <Folder Name="/.context/">
    <File Path=".context/agent_boundaries.json" />
    <File Path=".context/data_schema.json" />
    <File Path=".context/openapi.yaml" />
    <File Path=".context/system_architecture.md" />
  </Folder>
  <Folder Name="/.githooks/">
    <File Path=".githooks/pre-commit.txt" />
  </Folder>
  <Folder Name="/agents/">
    <File Path="agents/.agents.md" />
  </Folder>
  <Folder Name="/common/" />
  <Folder Name="/modules/">
    <Project Path="modules/AIModule/AIModule.pyproj" Type="888888a0-9f3d-457c-b088-3a5042f75d52" Id="763ee05e-2f26-4323-a767-328762ea75bc">
      <Build Project="false" />
    </Project>
    <Project Path="modules/BackendModule/BackendModule.pyproj" Type="888888a0-9f3d-457c-b088-3a5042f75d52" Id="55f6cd32-a6e2-46f5-aacd-082e228b603c">
      <Build Project="false" />
    </Project>
    <Project Path="modules/frontendweb/frontendweb.esproj">
      <Build />
      <Deploy />
    </Project>
    <Project Path="modules/SecretaryAgent/SecretaryAgent.pyproj" Type="888888a0-9f3d-457c-b088-3a5042f75d52" Id="717b4198-19b6-4a80-a63b-22170b6df2f1">
      <Build Project="false" />
    </Project>
    <Project Path="modules/StorageModule/StorageModule.pyproj" Type="888888a0-9f3d-457c-b088-3a5042f75d52" Id="c7422bdc-f9b6-4651-afb5-a9e3d81b6b7c">
      <Build Project="false" />
    </Project>
  </Folder>
  <Folder Name="/modules/FrontendMobile/">
    <File Path="modules/FrontendMobile/.gitignore" />
    <File Path="modules/FrontendMobile/app.json" />
    <File Path="modules/FrontendMobile/eslint.config.js" />
    <File Path="modules/FrontendMobile/expo-env.d.ts" />
    <File Path="modules/FrontendMobile/package-lock.json" />
    <File Path="modules/FrontendMobile/package.json" />
    <File Path="modules/FrontendMobile/README.md" />
    <File Path="modules/FrontendMobile/tsconfig.json" />
  </Folder>
  <Folder Name="/modules/FrontendMobile/app/">
    <File Path="modules/FrontendMobile/app/modal.tsx" />
    <File Path="modules/FrontendMobile/app/_layout.tsx" />
  </Folder>
  <Folder Name="/modules/FrontendMobile/app/(tabs)/">
    <File Path="modules/FrontendMobile/app/(tabs)/explore.tsx" />
    <File Path="modules/FrontendMobile/app/(tabs)/index.tsx" />
    <File Path="modules/FrontendMobile/app/(tabs)/_layout.tsx" />
  </Folder>
  <Folder Name="/modules/FrontendMobile/components/">
    <File Path="modules/FrontendMobile/components/external-link.tsx" />
    <File Path="modules/FrontendMobile/components/haptic-tab.tsx" />
    <File Path="modules/FrontendMobile/components/hello-wave.tsx" />
    <File Path="modules/FrontendMobile/components/parallax-scroll-view.tsx" />
    <File Path="modules/FrontendMobile/components/themed-text.tsx" />
    <File Path="modules/FrontendMobile/components/themed-view.tsx" />
  </Folder>
  <Folder Name="/modules/FrontendMobile/components/ui/">
    <File Path="modules/FrontendMobile/components/ui/collapsible.tsx" />
    <File Path="modules/FrontendMobile/components/ui/icon-symbol.ios.tsx" />
    <File Path="modules/FrontendMobile/components/ui/icon-symbol.tsx" />
  </Folder>
  <Folder Name="/modules/FrontendMobile/constants/">
    <File Path="modules/FrontendMobile/constants/theme.ts" />
  </Folder>
  <Folder Name="/modules/FrontendMobile/hooks/">
    <File Path="modules/FrontendMobile/hooks/use-color-scheme.ts" />
    <File Path="modules/FrontendMobile/hooks/use-color-scheme.web.ts" />
    <File Path="modules/FrontendMobile/hooks/use-theme-color.ts" />
  </Folder>
  <Folder Name="/modules/FrontendMobile/scripts/">
    <File Path="modules/FrontendMobile/scripts/reset-project.js" />
  </Folder>
  <Folder Name="/scripts/">
    <File Path="scripts/ag00_orchestrator.sh" />
    <File Path="scripts/scope_check.sh" />
  </Folder>
  <Folder Name="/Solution Items/">
    <File Path=".env.example" />
    <File Path=".gitattributes" />
    <File Path=".gitignore" />
    <File Path="agent_schedule.md" />
    <File Path="DesOfSys.md" />
    <File Path="docker-compose.yaml" />
    <File Path="README.md" />
  </Folder>
</Solution>

